
Microsoft Visual Studio Solution File, Format Version 12.00
# Visual Studio Version 16
VisualStudioVersion = 16.0.31205.134
MinimumVisualStudioVersion = 10.0.40219.1
Project("{FAE04EC0-301F-11D3-BF4B-00C04F79EFBC}") = "Forms Teste", "Forms Teste\Forms Teste.csproj", "{CA2BFF4E-0D80-42DC-AB6F-12EE13E155B2}"
EndProject
Global
	GlobalSection(SolutionConfigurationPlatforms) = preSolution
		Debug|Any CPU = Debug|Any CPU
		Release|Any CPU = Release|Any CPU
	EndGlobalSection
	GlobalSection(ProjectConfigurationPlatforms) = postSolution
		{CA2BFF4E-0D80-42DC-AB6F-12EE13E155B2}.Debug|Any CPU.ActiveCfg = Debug|Any CPU
		{CA2BFF4E-0D80-42DC-AB6F-12EE13E155B2}.Debug|Any CPU.Build.0 = Debug|Any CPU
		{CA2BFF4E-0D80-42DC-AB6F-12EE13E155B2}.Release|Any CPU.ActiveCfg = Release|Any CPU
		{CA2BFF4E-0D80-42DC-AB6F-12EE13E155B2}.Release|Any CPU.Build.0 = Release|Any CPU
	EndGlobalSection
	GlobalSection(SolutionProperties) = preSolution
		HideSolutionNode = FALSE
	EndGlobalSection
	GlobalSection(ExtensibilityGlobals) = postSolution
		SolutionGuid = {A6BA2FB9-E20A-4B8C-834E-738293AEEE2D}
	EndGlobalSection
EndGlobal
